
Microsoft Visual Studio Solution File, Format Version 12.00
# Visual Studio Version 17
VisualStudioVersion = 17.12.35527.113 d17.12
MinimumVisualStudioVersion = 10.0.40219.1
Project("{FAE04EC0-301F-11D3-BF4B-00C04F79EFBC}") = "NiceTasteApi", "NiceTasteApi\NiceTasteApi.csproj", "{9DF43273-8C4E-4AB4-A6F0-46A240FF52EA}"
EndProject
Project("{FAE04EC0-301F-11D3-BF4B-00C04F79EFBC}") = "NiceTasteApplication", "NiceTasteApplication\NiceTasteApplication.csproj", "{D0E169CE-149D-4EE4-A60B-73C2069FA867}"
EndProject
Project("{FAE04EC0-301F-11D3-BF4B-00C04F79EFBC}") = "NiceTasteInfrastructure", "NiceTasteInfrastructure\NiceTasteInfrastructure.csproj", "{91ADD723-1E26-425F-9D3C-87ECB0D5533F}"
EndProject
Project("{FAE04EC0-301F-11D3-BF4B-00C04F79EFBC}") = "NiceTasteCore", "NiceTasteCore\NiceTasteCore.csproj", "{B71EFC8A-D39C-436C-A6D6-C55FAF73DF96}"
EndProject
Global
	GlobalSection(SolutionConfigurationPlatforms) = preSolution
		Debug|Any CPU = Debug|Any CPU
		Release|Any CPU = Release|Any CPU
	EndGlobalSection
	GlobalSection(ProjectConfigurationPlatforms) = postSolution
		{9DF43273-8C4E-4AB4-A6F0-46A240FF52EA}.Debug|Any CPU.ActiveCfg = Debug|Any CPU
		{9DF43273-8C4E-4AB4-A6F0-46A240FF52EA}.Debug|Any CPU.Build.0 = Debug|Any CPU
		{9DF43273-8C4E-4AB4-A6F0-46A240FF52EA}.Release|Any CPU.ActiveCfg = Release|Any CPU
		{9DF43273-8C4E-4AB4-A6F0-46A240FF52EA}.Release|Any CPU.Build.0 = Release|Any CPU
		{D0E169CE-149D-4EE4-A60B-73C2069FA867}.Debug|Any CPU.ActiveCfg = Debug|Any CPU
		{D0E169CE-149D-4EE4-A60B-73C2069FA867}.Debug|Any CPU.Build.0 = Debug|Any CPU
		{D0E169CE-149D-4EE4-A60B-73C2069FA867}.Release|Any CPU.ActiveCfg = Release|Any CPU
		{D0E169CE-149D-4EE4-A60B-73C2069FA867}.Release|Any CPU.Build.0 = Release|Any CPU
		{91ADD723-1E26-425F-9D3C-87ECB0D5533F}.Debug|Any CPU.ActiveCfg = Debug|Any CPU
		{91ADD723-1E26-425F-9D3C-87ECB0D5533F}.Debug|Any CPU.Build.0 = Debug|Any CPU
		{91ADD723-1E26-425F-9D3C-87ECB0D5533F}.Release|Any CPU.ActiveCfg = Release|Any CPU
		{91ADD723-1E26-425F-9D3C-87ECB0D5533F}.Release|Any CPU.Build.0 = Release|Any CPU
		{B71EFC8A-D39C-436C-A6D6-C55FAF73DF96}.Debug|Any CPU.ActiveCfg = Debug|Any CPU
		{B71EFC8A-D39C-436C-A6D6-C55FAF73DF96}.Debug|Any CPU.Build.0 = Debug|Any CPU
		{B71EFC8A-D39C-436C-A6D6-C55FAF73DF96}.Release|Any CPU.ActiveCfg = Release|Any CPU
		{B71EFC8A-D39C-436C-A6D6-C55FAF73DF96}.Release|Any CPU.Build.0 = Release|Any CPU
	EndGlobalSection
	GlobalSection(SolutionProperties) = preSolution
		HideSolutionNode = FALSE
	EndGlobalSection
EndGlobal
